
Microsoft Visual Studio Solution File, Format Version 12.00
# Visual Studio Version 16
VisualStudioVersion = 16.0.30128.74
MinimumVisualStudioVersion = 10.0.40219.1
Project("{8BC9CEB8-8B4A-11D0-8D11-00A0C91BC942}") = "Sandbox", "Sandbox\Sandbox.vcxproj", "{C74C54D4-32E8-4CA2-9629-6153EB5211C7}"
EndProject
Project("{8BC9CEB8-8B4A-11D0-8D11-00A0C91BC942}") = "Hazel", "Hazel\Hazel.vcxproj", "{9154A89E-35C0-496D-BD0B-84F35AC3C64F}"
EndProject
Global
	GlobalSection(SolutionConfigurationPlatforms) = preSolution
		Debug|x64 = Debug|x64
		Release|x64 = Release|x64
	EndGlobalSection
	GlobalSection(ProjectConfigurationPlatforms) = postSolution
		{9154A89E-35C0-496D-BD0B-84F35AC3C64F}.Debug|x64.ActiveCfg = Debug|x64
		{9154A89E-35C0-496D-BD0B-84F35AC3C64F}.Debug|x64.Build.0 = Debug|x64
		{9154A89E-35C0-496D-BD0B-84F35AC3C64F}.Release|x64.ActiveCfg = Release|x64
		{9154A89E-35C0-496D-BD0B-84F35AC3C64F}.Release|x64.Build.0 = Release|x64
		{C74C54D4-32E8-4CA2-9629-6153EB5211C7}.Debug|x64.ActiveCfg = Debug|x64
		{C74C54D4-32E8-4CA2-9629-6153EB5211C7}.Debug|x64.Build.0 = Debug|x64
		{C74C54D4-32E8-4CA2-9629-6153EB5211C7}.Release|x64.ActiveCfg = Release|x64
		{C74C54D4-32E8-4CA2-9629-6153EB5211C7}.Release|x64.Build.0 = Release|x64
	EndGlobalSection
	GlobalSection(SolutionProperties) = preSolution
		HideSolutionNode = FALSE
	EndGlobalSection
	GlobalSection(ExtensibilityGlobals) = postSolution
		SolutionGuid = {01423717-54BF-4086-B1A4-31F36A4DFEC1}
	EndGlobalSection
EndGlobal
